
Microsoft Visual Studio Solution File, Format Version 12.00
# Visual Studio 15
Project("{FAE04EC0-301F-11D3-BF4B-00C04F79EFBC}") = "Assembly-CSharp", "Assembly-CSharp.csproj", "{5C778973-2409-CE11-11D7-E39B10163E07}"
EndProject
Project("{FAE04EC0-301F-11D3-BF4B-00C04F79EFBC}") = "Assembly-CSharp-Editor", "Assembly-CSharp-Editor.csproj", "{FBDBEB36-AD26-416C-DD97-97FB881D040B}"
EndProject
Global
	GlobalSection(SolutionConfigurationPlatforms) = preSolution
		Debug|Any CPU = Debug|Any CPU
		Release|Any CPU = Release|Any CPU
	EndGlobalSection
	GlobalSection(ProjectConfigurationPlatforms) = postSolution
		{5C778973-2409-CE11-11D7-E39B10163E07}.Debug|Any CPU.ActiveCfg = Debug|Any CPU
		{5C778973-2409-CE11-11D7-E39B10163E07}.Debug|Any CPU.Build.0 = Debug|Any CPU
		{5C778973-2409-CE11-11D7-E39B10163E07}.Release|Any CPU.ActiveCfg = Release|Any CPU
		{5C778973-2409-CE11-11D7-E39B10163E07}.Release|Any CPU.Build.0 = Release|Any CPU
		{FBDBEB36-AD26-416C-DD97-97FB881D040B}.Debug|Any CPU.ActiveCfg = Debug|Any CPU
		{FBDBEB36-AD26-416C-DD97-97FB881D040B}.Debug|Any CPU.Build.0 = Debug|Any CPU
		{FBDBEB36-AD26-416C-DD97-97FB881D040B}.Release|Any CPU.ActiveCfg = Release|Any CPU
		{FBDBEB36-AD26-416C-DD97-97FB881D040B}.Release|Any CPU.Build.0 = Release|Any CPU
	EndGlobalSection
	GlobalSection(SolutionProperties) = preSolution
		HideSolutionNode = FALSE
	EndGlobalSection
EndGlobal
